
Microsoft Visual Studio Solution File, Format Version 12.00
# Visual Studio Version 17
VisualStudioVersion = 17.10.35013.160
MinimumVisualStudioVersion = 10.0.40219.1
Project("{FAE04EC0-301F-11D3-BF4B-00C04F79EFBC}") = "mentor-monitor.Server", "mentor-monitor.Server\mentor-monitor.Server.csproj", "{8AC12AD4-4752-4DDD-80CB-C803B3F8B58A}"
EndProject
Project("{54A90642-561A-4BB1-A94E-469ADEE60C69}") = "mentor-monitor.client", "mentor-monitor.client\mentor-monitor.client.esproj", "{1D3B81D1-C199-45A1-88D2-149B4468A075}"
EndProject
Global
	GlobalSection(SolutionConfigurationPlatforms) = preSolution
		Debug|Any CPU = Debug|Any CPU
		Release|Any CPU = Release|Any CPU
	EndGlobalSection
	GlobalSection(ProjectConfigurationPlatforms) = postSolution
		{8AC12AD4-4752-4DDD-80CB-C803B3F8B58A}.Debug|Any CPU.ActiveCfg = Debug|Any CPU
		{8AC12AD4-4752-4DDD-80CB-C803B3F8B58A}.Debug|Any CPU.Build.0 = Debug|Any CPU
		{8AC12AD4-4752-4DDD-80CB-C803B3F8B58A}.Release|Any CPU.ActiveCfg = Release|Any CPU
		{8AC12AD4-4752-4DDD-80CB-C803B3F8B58A}.Release|Any CPU.Build.0 = Release|Any CPU
		{1D3B81D1-C199-45A1-88D2-149B4468A075}.Debug|Any CPU.ActiveCfg = Debug|Any CPU
		{1D3B81D1-C199-45A1-88D2-149B4468A075}.Debug|Any CPU.Build.0 = Debug|Any CPU
		{1D3B81D1-C199-45A1-88D2-149B4468A075}.Debug|Any CPU.Deploy.0 = Debug|Any CPU
		{1D3B81D1-C199-45A1-88D2-149B4468A075}.Release|Any CPU.ActiveCfg = Release|Any CPU
		{1D3B81D1-C199-45A1-88D2-149B4468A075}.Release|Any CPU.Build.0 = Release|Any CPU
		{1D3B81D1-C199-45A1-88D2-149B4468A075}.Release|Any CPU.Deploy.0 = Release|Any CPU
	EndGlobalSection
	GlobalSection(SolutionProperties) = preSolution
		HideSolutionNode = FALSE
	EndGlobalSection
	GlobalSection(ExtensibilityGlobals) = postSolution
		SolutionGuid = {01FC3F7E-B558-4D15-8005-67F371AC2B55}
	EndGlobalSection
EndGlobal
